
Microsoft Visual Studio Solution File, Format Version 12.00
# Visual Studio Version 17
VisualStudioVersion = 17.7.34031.279
MinimumVisualStudioVersion = 10.0.40219.1
Project("{FAE04EC0-301F-11D3-BF4B-00C04F79EFBC}") = "webapp", "webapp\webapp.csproj", "{B2601265-04CA-46AD-AAE8-3330A55B3828}"
EndProject
Global
	GlobalSection(SolutionConfigurationPlatforms) = preSolution
		Debug|Any CPU = Debug|Any CPU
		Release|Any CPU = Release|Any CPU
	EndGlobalSection
	GlobalSection(ProjectConfigurationPlatforms) = postSolution
		{B2601265-04CA-46AD-AAE8-3330A55B3828}.Debug|Any CPU.ActiveCfg = Debug|Any CPU
		{B2601265-04CA-46AD-AAE8-3330A55B3828}.Debug|Any CPU.Build.0 = Debug|Any CPU
		{B2601265-04CA-46AD-AAE8-3330A55B3828}.Release|Any CPU.ActiveCfg = Release|Any CPU
		{B2601265-04CA-46AD-AAE8-3330A55B3828}.Release|Any CPU.Build.0 = Release|Any CPU
	EndGlobalSection
	GlobalSection(SolutionProperties) = preSolution
		HideSolutionNode = FALSE
	EndGlobalSection
	GlobalSection(ExtensibilityGlobals) = postSolution
		SolutionGuid = {AD93B08A-9723-4855-A854-0CAC8D7F3953}
	EndGlobalSection
EndGlobal
